// !$*UTF8*$!
{
	archiveVersion = 1;
	classes = {
	};
	objectVersion = 77;
	objects = {

/* Begin PBXBuildFile section */
		002EA0377707E4F65F0DACF1 /* moon.png in Resources */ = {isa = PBXBuildFile; fileRef = 662CD1BF127064A4EF3EC6EC /* moon.png */; };
		02A5B5C771F3CADF7B6AFAA7 /* FlipCardLayer.swift in Sources */ = {isa = PBXBuildFile; fileRef = E1B048EDDC054D8647424B07 /* FlipCardLayer.swift */; };
		05DEC934AE57CCF5895B2D25 /* ARCADE_R.TTF in Resources */ = {isa = PBXBuildFile; fileRef = 802A44BC4930D0F1FC34E804 /* ARCADE_R.TTF */; };
		066BBA76C5767ABF5935A9EC /* FlapColors.swift in Sources */ = {isa = PBXBuildFile; fileRef = 0F05D3D8AB3B3658A5974D0E /* FlapColors.swift */; };
		068E981DC0577C7881827825 /* BLADRMF_.TTF in Resources */ = {isa = PBXBuildFile; fileRef = 95820B6E1DB27B499C2DAA5F /* BLADRMF_.TTF */; };
		075757C9FEC228BFE02255D4 /* Sportfield Varsity-Outline1.otf in Resources */ = {isa = PBXBuildFile; fileRef = 00D00F499ACFDC4FD6C9F951 /* Sportfield Varsity-Outline1.otf */; };
		0A59D6179E919B1B5C9BEC5C /* DesktopBackdropCapture.swift in Sources */ = {isa = PBXBuildFile; fileRef = 5FB871E136E63543744A1304 /* DesktopBackdropCapture.swift */; };
		13D4D9D178B0D26EC1913274 /* ARCADE_N.TTF in Resources */ = {isa = PBXBuildFile; fileRef = 65C518BF9B070A2A98DE8BB6 /* ARCADE_N.TTF */; };
		1552153680EDAE840A2C9D2B /* ARCADE_I.TTF in Resources */ = {isa = PBXBuildFile; fileRef = 123AD78C1B67252697E8F91E /* ARCADE_I.TTF */; };
		19A441A793D1B4A1194D4918 /* AppDelegate.swift in Sources */ = {isa = PBXBuildFile; fileRef = 02DDB38188F3CABDE8AF990C /* AppDelegate.swift */; };
		1ABB169CB78335BA956DE48B /* Game Of Squids.ttf in Resources */ = {isa = PBXBuildFile; fileRef = 84EEFA884CE122921803C149 /* Game Of Squids.ttf */; };
		1DDF18C7AC5EA749D6EC8F6B /* WidgetGlassBackground.swift in Sources */ = {isa = PBXBuildFile; fileRef = 7433122D748E80051A23B7BD /* WidgetGlassBackground.swift */; };
		220F76AD0CE46D72FEDEE229 /* Sportfield Varsity.otf in Resources */ = {isa = PBXBuildFile; fileRef = 76AE834CBCB2C51C0DE02C22 /* Sportfield Varsity.otf */; };
		2582E8755006A0B3FA2F3063 /* Sportfield Varsity-Outline2.otf in Resources */ = {isa = PBXBuildFile; fileRef = 001227C8E08C263951B67D42 /* Sportfield Varsity-Outline2.otf */; };
		28051F2EAB481FB6EF3EAF22 /* Tennessee College.ttf in Resources */ = {isa = PBXBuildFile; fileRef = 95C32DF3B238972ABB75917B /* Tennessee College.ttf */; };
		2811B527FE03B0BFAB73B046 /* SecondClockStatusItemController.swift in Sources */ = {isa = PBXBuildFile; fileRef = 22AAEA71929350340A866A7B /* SecondClockStatusItemController.swift */; };
		301E780BFE282310BCE1E919 /* Vlump Black.ttf in Resources */ = {isa = PBXBuildFile; fileRef = AB31DEDDADF92FBAAA7BF088 /* Vlump Black.ttf */; };
		3404D70ADEABE3D5B96AFE49 /* Destroy All Humans!.otf in Resources */ = {isa = PBXBuildFile; fileRef = C3EAB38CFE04422718C3047D /* Destroy All Humans!.otf */; };
		34DEF4B241287C9BD171F090 /* TRON.TTF in Resources */ = {isa = PBXBuildFile; fileRef = EE1FDD56434FA08A26814B3D /* TRON.TTF */; };
		3AB38857C79E08B3BF2ADBC6 /* DueReminderBanner.swift in Sources */ = {isa = PBXBuildFile; fileRef = C1404A3D2475EEDC6D174181 /* DueReminderBanner.swift */; };
		3DA8EB3A8D08B6D82BEE89A0 /* SplitFlapDigit.swift in Sources */ = {isa = PBXBuildFile; fileRef = 65A63215BD2AA8AE5332DF36 /* SplitFlapDigit.swift */; };
		3F10BB5B3BBB26EC9CD50632 /* ClockTick.swift in Sources */ = {isa = PBXBuildFile; fileRef = 915EEE7160E430CB387D242E /* ClockTick.swift */; };
		4511816071E0C80C3F673194 /* SplitFlapPairView.swift in Sources */ = {isa = PBXBuildFile; fileRef = DD2A120ACB0F42A007264D1C /* SplitFlapPairView.swift */; };
		4B9E8E45D3828A20209486B4 /* SettingsView.swift in Sources */ = {isa = PBXBuildFile; fileRef = E79414097EB0F91E58961D38 /* SettingsView.swift */; };
		4F83211EE8E7E1D2AB1DC4E8 /* Sportfield Varsity-Italic.otf in Resources */ = {isa = PBXBuildFile; fileRef = CB3B3C2DD6832C4407F90348 /* Sportfield Varsity-Italic.otf */; };
		5A8891A7D93D1E1D1BD8B3FB /* KGPrimaryItalics.ttf in Resources */ = {isa = PBXBuildFile; fileRef = 268CF845110A5784202E0DD8 /* KGPrimaryItalics.ttf */; };
		5C1B69D5930DE43E3BCBFD50 /* Bring Me A Helicopter!.otf in Resources */ = {isa = PBXBuildFile; fileRef = C34727CD47DA893CF590CD5E /* Bring Me A Helicopter!.otf */; };
		5EACEC3FC36487CFA104204E /* PopoverClockView.swift in Sources */ = {isa = PBXBuildFile; fileRef = 569EF2149D9DD94C311A6F46 /* PopoverClockView.swift */; };
		5EB9FB47C5C4FFC780D6F0CE /* GFSCUS1D.ttf in Resources */ = {isa = PBXBuildFile; fileRef = BC155D6D5B8537159E016AEC /* GFSCUS1D.ttf */; };
		64CC5AB390160626B67B5EFE /* MenuBarClockView.swift in Sources */ = {isa = PBXBuildFile; fileRef = 16AC161B34E3FF7009C8F9FD /* MenuBarClockView.swift */; };
		693B64F40E31016D0C0F1036 /* AddReminderView.swift in Sources */ = {isa = PBXBuildFile; fileRef = 75F26A8260DC39BEC3E247F3 /* AddReminderView.swift */; };
		6CB5D1BC69D39AD6C10B65D4 /* RockFont.ttf in Resources */ = {isa = PBXBuildFile; fileRef = 03659CC7943595F75AF50AFD /* RockFont.ttf */; };
		6FB425BA9B762D2080B7B0D4 /* Pullstar-Holinight.ttf in Resources */ = {isa = PBXBuildFile; fileRef = 26294A48122D93211F28E15D /* Pullstar-Holinight.ttf */; };
		75FC8E691208165530B02821 /* WhiteSquareRedYesBlackEightZero-Zero.ttf in Resources */ = {isa = PBXBuildFile; fileRef = AF79222F73CC682D76B2C6E9 /* WhiteSquareRedYesBlackEightZero-Zero.ttf */; };
		76B3109C1ABCE3C4998125FD /* WhiteSquareRedYesBlackEightWarsaw-Warsaw.ttf in Resources */ = {isa = PBXBuildFile; fileRef = 3BECC1B4E84BEC1609AAA67B /* WhiteSquareRedYesBlackEightWarsaw-Warsaw.ttf */; };
		779F863191CEC50106530C3A /* WhiteSquareRedYesBlackEightPingpong-Pingpong.ttf in Resources */ = {isa = PBXBuildFile; fileRef = 36289D6564B3309ABB60855F /* WhiteSquareRedYesBlackEightPingpong-Pingpong.ttf */; };
		7A1F48DB77650A681CCDE78A /* Dynamix.ttf in Resources */ = {isa = PBXBuildFile; fileRef = EFF07A7015305AA9257A835A /* Dynamix.ttf */; };
		7B0E44FD1A241C201B75FD00 /* chintzys.ttf in Resources */ = {isa = PBXBuildFile; fileRef = 950E63F93638F86B32529136 /* chintzys.ttf */; };
		7D438319D81BDDF0A8C3F82D /* Game Of Squids.otf in Resources */ = {isa = PBXBuildFile; fileRef = FD27A64CB19D63C62E58408A /* Game Of Squids.otf */; };
		7E2CF474D97571BAEF4A3759 /* Vlump.ttf in Resources */ = {isa = PBXBuildFile; fileRef = 3FE91CB5C9D39516AFE000B6 /* Vlump.ttf */; };
		8715624FD54347A806F275C1 /* KGPrimaryItalicsLined.ttf in Resources */ = {isa = PBXBuildFile; fileRef = 610FBE1AA72EC47C519C2E8C /* KGPrimaryItalicsLined.ttf */; };
		8B2973DC33ED8E39177D0930 /* Reminder.swift in Sources */ = {isa = PBXBuildFile; fileRef = 135E56F9C9038BA61C90310C /* Reminder.swift */; };
		8CF69FF5774595D4ACE959B3 /* Linebeam.ttf in Resources */ = {isa = PBXBuildFile; fileRef = F91DF752E113AA6A5C453C24 /* Linebeam.ttf */; };
		96705FB121D016A608DF8446 /* CalendarMonthView.swift in Sources */ = {isa = PBXBuildFile; fileRef = ED3D59C1D26F59C0741E18C3 /* CalendarMonthView.swift */; };
		9F29001BC6E87DC8BF62BF78 /* SplitFlapClockFace.swift in Sources */ = {isa = PBXBuildFile; fileRef = B5A5A1BF8465AA952E2F3DBD /* SplitFlapClockFace.swift */; };
		9F7538C626E342F9134E0162 /* Sportfield Varsity-Outline3.otf in Resources */ = {isa = PBXBuildFile; fileRef = 94A19CBE28C4467C06594807 /* Sportfield Varsity-Outline3.otf */; };
		A990731D2C2D3B17521DAF81 /* Sportfield Varsity-Grunge.otf in Resources */ = {isa = PBXBuildFile; fileRef = F67C71982A5A6909643757C5 /* Sportfield Varsity-Grunge.otf */; };
		AA7EE6A6EB425AD0515606E9 /* angrybirds-regular.ttf in Resources */ = {isa = PBXBuildFile; fileRef = 8F25BC2B615F37FE8B111CBF /* angrybirds-regular.ttf */; };
		AADCD9DA62CCC375945AD004 /* sun.png in Resources */ = {isa = PBXBuildFile; fileRef = 7E04EE7FD9784E7541D7296F /* sun.png */; };
		ABAFF924E0D4AA14F4E3003A /* SettingsWindowController.swift in Sources */ = {isa = PBXBuildFile; fileRef = 8800DAAFAC2F27DC741FF29C /* SettingsWindowController.swift */; };
		AC742C4A93D9C9D45A481588 /* OverlayWindowController.swift in Sources */ = {isa = PBXBuildFile; fileRef = 1CD4601C3340A6C28FDF8C3A /* OverlayWindowController.swift */; };
		B170E1361D84026C0EE80D8A /* SecondClockMenuBarView.swift in Sources */ = {isa = PBXBuildFile; fileRef = 96A869DA91B1A0C42E527852 /* SecondClockMenuBarView.swift */; };
		B5B2142D78AB041CCBB45B5B /* TimeProvider.swift in Sources */ = {isa = PBXBuildFile; fileRef = CED75368A307036F58F0332F /* TimeProvider.swift */; };
		B7296591D2A8AA2A29EBEE6A /* AppSettings.swift in Sources */ = {isa = PBXBuildFile; fileRef = C82BBCF4822EE69EB39A8D8C /* AppSettings.swift */; };
		B9D618297F7CD605E224A50D /* space age.ttf in Resources */ = {isa = PBXBuildFile; fileRef = A91D51A54F868D836DF9EEE5 /* space age.ttf */; };
		BEE4478FD4D402324CFDBE0B /* WhiteSquareRedYesBlackEight-Regular.ttf in Resources */ = {isa = PBXBuildFile; fileRef = FFD7E50CEB556B656FB461A7 /* WhiteSquareRedYesBlackEight-Regular.ttf */; };
		C9754D0A7822746BE4F0F162 /* FlipClockApp.swift in Sources */ = {isa = PBXBuildFile; fileRef = 9382537EFD4FE15801C53C0E /* FlipClockApp.swift */; };
		CD4212EE01B9C3D2FC4D595E /* OverlayWindow.swift in Sources */ = {isa = PBXBuildFile; fileRef = 3EA3DA66A1F9A49A759B1825 /* OverlayWindow.swift */; };
		D0448B25E61FFCC1FD18E9B7 /* StatusItemController.swift in Sources */ = {isa = PBXBuildFile; fileRef = 5FEC2FADD24FCE8918E65F47 /* StatusItemController.swift */; };
		D0F8A5633C87FBE5502EB6D7 /* ReminderBadge.swift in Sources */ = {isa = PBXBuildFile; fileRef = D5896ECD25212EC9A5CB044A /* ReminderBadge.swift */; };
		DAB960062120E9ED90E69164 /* DateHeaderView.swift in Sources */ = {isa = PBXBuildFile; fileRef = B45723FCF839EE6FCDF79CAA /* DateHeaderView.swift */; };
		DB13156575EEFA035F2AB15B /* ReminderStore.swift in Sources */ = {isa = PBXBuildFile; fileRef = 99B38BBE6721287DFCDD38D1 /* ReminderStore.swift */; };
		DC9C7F4FB4955BC7BA2B07E7 /* WidgetFont.swift in Sources */ = {isa = PBXBuildFile; fileRef = E7E3F10687F2F80B1FA8F91E /* WidgetFont.swift */; };
		E68EDA1FE502621924873DBE /* abduction2002.ttf in Resources */ = {isa = PBXBuildFile; fileRef = B991B52C184F247E89C7B552 /* abduction2002.ttf */; };
		E6960F41E21880F41D3C0C78 /* DigitDelta.swift in Sources */ = {isa = PBXBuildFile; fileRef = 91EE622C614D16D2F0D9CB00 /* DigitDelta.swift */; };
		E84902489E6F8CCF4F6B778C /* VibrantHostingController.swift in Sources */ = {isa = PBXBuildFile; fileRef = FFD87184D792EF0F08700422 /* VibrantHostingController.swift */; };
		E98342BF539CAE355C1D0DEE /* DigitFaceRenderer.swift in Sources */ = {isa = PBXBuildFile; fileRef = D2C211AFAE6975DEBA1E8893 /* DigitFaceRenderer.swift */; };
		EA2D3F3E2BD0B963F0FF8B8E /* Sportfield Varsity-Shadow.otf in Resources */ = {isa = PBXBuildFile; fileRef = 494FF96E602C234D3D76D3CF /* Sportfield Varsity-Shadow.otf */; };
		EE537B85EB4AEE438540BE51 /* Bing Bam Boum.ttf in Resources */ = {isa = PBXBuildFile; fileRef = C953BA2E9BB4C4B7E554970F /* Bing Bam Boum.ttf */; };
		EEEABF7F45B297B58B3A3AAD /* Sportfield Varsity-Scrible.otf in Resources */ = {isa = PBXBuildFile; fileRef = 700B2677EE2AAF09F5FD974F /* Sportfield Varsity-Scrible.otf */; };
		F0D9873087DB24086AA3386C /* chintzy.ttf in Resources */ = {isa = PBXBuildFile; fileRef = B4FD4C1F3CAD814DFE7CCC14 /* chintzy.ttf */; };
		F6851EAC55377D47BD073178 /* OverlayContentView.swift in Sources */ = {isa = PBXBuildFile; fileRef = 12A448C0C9D97B8982A4777C /* OverlayContentView.swift */; };
		FDAFD582715C3CFD23F98019 /* YrBkMess.TTF in Resources */ = {isa = PBXBuildFile; fileRef = 117A7E39C1E35B6312E3AA2C /* YrBkMess.TTF */; };
/* End PBXBuildFile section */

/* Begin PBXFileReference section */
		001227C8E08C263951B67D42 /* Sportfield Varsity-Outline2.otf */ = {isa = PBXFileReference; lastKnownFileType = file; path = "Sportfield Varsity-Outline2.otf"; sourceTree = "<group>"; };
		00D00F499ACFDC4FD6C9F951 /* Sportfield Varsity-Outline1.otf */ = {isa = PBXFileReference; lastKnownFileType = file; path = "Sportfield Varsity-Outline1.otf"; sourceTree = "<group>"; };
		02DDB38188F3CABDE8AF990C /* AppDelegate.swift */ = {isa = PBXFileReference; lastKnownFileType = sourcecode.swift; path = AppDelegate.swift; sourceTree = "<group>"; };
		03659CC7943595F75AF50AFD /* RockFont.ttf */ = {isa = PBXFileReference; lastKnownFileType = file; path = RockFont.ttf; sourceTree = "<group>"; };
		0F05D3D8AB3B3658A5974D0E /* FlapColors.swift */ = {isa = PBXFileReference; lastKnownFileType = sourcecode.swift; path = FlapColors.swift; sourceTree = "<group>"; };
		117A7E39C1E35B6312E3AA2C /* YrBkMess.TTF */ = {isa = PBXFileReference; path = YrBkMess.TTF; sourceTree = "<group>"; };
		123AD78C1B67252697E8F91E /* ARCADE_I.TTF */ = {isa = PBXFileReference; path = ARCADE_I.TTF; sourceTree = "<group>"; };
		12A448C0C9D97B8982A4777C /* OverlayContentView.swift */ = {isa = PBXFileReference; lastKnownFileType = sourcecode.swift; path = OverlayContentView.swift; sourceTree = "<group>"; };
		135E56F9C9038BA61C90310C /* Reminder.swift */ = {isa = PBXFileReference; lastKnownFileType = sourcecode.swift; path = Reminder.swift; sourceTree = "<group>"; };
		16AC161B34E3FF7009C8F9FD /* MenuBarClockView.swift */ = {isa = PBXFileReference; lastKnownFileType = sourcecode.swift; path = MenuBarClockView.swift; sourceTree = "<group>"; };
		1CD4601C3340A6C28FDF8C3A /* OverlayWindowController.swift */ = {isa = PBXFileReference; lastKnownFileType = sourcecode.swift; path = OverlayWindowController.swift; sourceTree = "<group>"; };
		22AAEA71929350340A866A7B /* SecondClockStatusItemController.swift */ = {isa = PBXFileReference; lastKnownFileType = sourcecode.swift; path = SecondClockStatusItemController.swift; sourceTree = "<group>"; };
		26294A48122D93211F28E15D /* Pullstar-Holinight.ttf */ = {isa = PBXFileReference; lastKnownFileType = file; path = "Pullstar-Holinight.ttf"; sourceTree = "<group>"; };
		268CF845110A5784202E0DD8 /* KGPrimaryItalics.ttf */ = {isa = PBXFileReference; lastKnownFileType = file; path = KGPrimaryItalics.ttf; sourceTree = "<group>"; };
		36289D6564B3309ABB60855F /* WhiteSquareRedYesBlackEightPingpong-Pingpong.ttf */ = {isa = PBXFileReference; lastKnownFileType = file; path = "WhiteSquareRedYesBlackEightPingpong-Pingpong.ttf"; sourceTree = "<group>"; };
		3BECC1B4E84BEC1609AAA67B /* WhiteSquareRedYesBlackEightWarsaw-Warsaw.ttf */ = {isa = PBXFileReference; lastKnownFileType = file; path = "WhiteSquareRedYesBlackEightWarsaw-Warsaw.ttf"; sourceTree = "<group>"; };
		3EA3DA66A1F9A49A759B1825 /* OverlayWindow.swift */ = {isa = PBXFileReference; lastKnownFileType = sourcecode.swift; path = OverlayWindow.swift; sourceTree = "<group>"; };
		3FE91CB5C9D39516AFE000B6 /* Vlump.ttf */ = {isa = PBXFileReference; lastKnownFileType = file; path = Vlump.ttf; sourceTree = "<group>"; };
		494FF96E602C234D3D76D3CF /* Sportfield Varsity-Shadow.otf */ = {isa = PBXFileReference; lastKnownFileType = file; path = "Sportfield Varsity-Shadow.otf"; sourceTree = "<group>"; };
		569EF2149D9DD94C311A6F46 /* PopoverClockView.swift */ = {isa = PBXFileReference; lastKnownFileType = sourcecode.swift; path = PopoverClockView.swift; sourceTree = "<group>"; };
		5FB871E136E63543744A1304 /* DesktopBackdropCapture.swift */ = {isa = PBXFileReference; lastKnownFileType = sourcecode.swift; path = DesktopBackdropCapture.swift; sourceTree = "<group>"; };
		5FEC2FADD24FCE8918E65F47 /* StatusItemController.swift */ = {isa = PBXFileReference; lastKnownFileType = sourcecode.swift; path = StatusItemController.swift; sourceTree = "<group>"; };
		610FBE1AA72EC47C519C2E8C /* KGPrimaryItalicsLined.ttf */ = {isa = PBXFileReference; lastKnownFileType = file; path = KGPrimaryItalicsLined.ttf; sourceTree = "<group>"; };
		65A63215BD2AA8AE5332DF36 /* SplitFlapDigit.swift */ = {isa = PBXFileReference; lastKnownFileType = sourcecode.swift; path = SplitFlapDigit.swift; sourceTree = "<group>"; };
		65C518BF9B070A2A98DE8BB6 /* ARCADE_N.TTF */ = {isa = PBXFileReference; path = ARCADE_N.TTF; sourceTree = "<group>"; };
		662CD1BF127064A4EF3EC6EC /* moon.png */ = {isa = PBXFileReference; lastKnownFileType = image.png; path = moon.png; sourceTree = "<group>"; };
		700B2677EE2AAF09F5FD974F /* Sportfield Varsity-Scrible.otf */ = {isa = PBXFileReference; lastKnownFileType = file; path = "Sportfield Varsity-Scrible.otf"; sourceTree = "<group>"; };
		7433122D748E80051A23B7BD /* WidgetGlassBackground.swift */ = {isa = PBXFileReference; lastKnownFileType = sourcecode.swift; path = WidgetGlassBackground.swift; sourceTree = "<group>"; };
		75F26A8260DC39BEC3E247F3 /* AddReminderView.swift */ = {isa = PBXFileReference; lastKnownFileType = sourcecode.swift; path = AddReminderView.swift; sourceTree = "<group>"; };
		76AE834CBCB2C51C0DE02C22 /* Sportfield Varsity.otf */ = {isa = PBXFileReference; lastKnownFileType = file; path = "Sportfield Varsity.otf"; sourceTree = "<group>"; };
		7E04EE7FD9784E7541D7296F /* sun.png */ = {isa = PBXFileReference; lastKnownFileType = image.png; path = sun.png; sourceTree = "<group>"; };
		802A44BC4930D0F1FC34E804 /* ARCADE_R.TTF */ = {isa = PBXFileReference; path = ARCADE_R.TTF; sourceTree = "<group>"; };
		84EEFA884CE122921803C149 /* Game Of Squids.ttf */ = {isa = PBXFileReference; lastKnownFileType = file; path = "Game Of Squids.ttf"; sourceTree = "<group>"; };
		8800DAAFAC2F27DC741FF29C /* SettingsWindowController.swift */ = {isa = PBXFileReference; lastKnownFileType = sourcecode.swift; path = SettingsWindowController.swift; sourceTree = "<group>"; };
		8F25BC2B615F37FE8B111CBF /* angrybirds-regular.ttf */ = {isa = PBXFileReference; lastKnownFileType = file; path = "angrybirds-regular.ttf"; sourceTree = "<group>"; };
		915EEE7160E430CB387D242E /* ClockTick.swift */ = {isa = PBXFileReference; lastKnownFileType = sourcecode.swift; path = ClockTick.swift; sourceTree = "<group>"; };
		91EE622C614D16D2F0D9CB00 /* DigitDelta.swift */ = {isa = PBXFileReference; lastKnownFileType = sourcecode.swift; path = DigitDelta.swift; sourceTree = "<group>"; };
		9382537EFD4FE15801C53C0E /* FlipClockApp.swift */ = {isa = PBXFileReference; lastKnownFileType = sourcecode.swift; path = FlipClockApp.swift; sourceTree = "<group>"; };
		94A19CBE28C4467C06594807 /* Sportfield Varsity-Outline3.otf */ = {isa = PBXFileReference; lastKnownFileType = file; path = "Sportfield Varsity-Outline3.otf"; sourceTree = "<group>"; };
		950E63F93638F86B32529136 /* chintzys.ttf */ = {isa = PBXFileReference; lastKnownFileType = file; path = chintzys.ttf; sourceTree = "<group>"; };
		95820B6E1DB27B499C2DAA5F /* BLADRMF_.TTF */ = {isa = PBXFileReference; path = BLADRMF_.TTF; sourceTree = "<group>"; };
		95C32DF3B238972ABB75917B /* Tennessee College.ttf */ = {isa = PBXFileReference; lastKnownFileType = file; path = "Tennessee College.ttf"; sourceTree = "<group>"; };
		96A869DA91B1A0C42E527852 /* SecondClockMenuBarView.swift */ = {isa = PBXFileReference; lastKnownFileType = sourcecode.swift; path = SecondClockMenuBarView.swift; sourceTree = "<group>"; };
		99B38BBE6721287DFCDD38D1 /* ReminderStore.swift */ = {isa = PBXFileReference; lastKnownFileType = sourcecode.swift; path = ReminderStore.swift; sourceTree = "<group>"; };
		A91D51A54F868D836DF9EEE5 /* space age.ttf */ = {isa = PBXFileReference; lastKnownFileType = file; path = "space age.ttf"; sourceTree = "<group>"; };
		AB31DEDDADF92FBAAA7BF088 /* Vlump Black.ttf */ = {isa = PBXFileReference; lastKnownFileType = file; path = "Vlump Black.ttf"; sourceTree = "<group>"; };
		ABC77DD942B206F433DB7BBB /* Info.plist */ = {isa = PBXFileReference; lastKnownFileType = text.plist; path = Info.plist; sourceTree = "<group>"; };
		AF79222F73CC682D76B2C6E9 /* WhiteSquareRedYesBlackEightZero-Zero.ttf */ = {isa = PBXFileReference; lastKnownFileType = file; path = "WhiteSquareRedYesBlackEightZero-Zero.ttf"; sourceTree = "<group>"; };
		B45723FCF839EE6FCDF79CAA /* DateHeaderView.swift */ = {isa = PBXFileReference; lastKnownFileType = sourcecode.swift; path = DateHeaderView.swift; sourceTree = "<group>"; };
		B4FD4C1F3CAD814DFE7CCC14 /* chintzy.ttf */ = {isa = PBXFileReference; lastKnownFileType = file; path = chintzy.ttf; sourceTree = "<group>"; };
		B5A5A1BF8465AA952E2F3DBD /* SplitFlapClockFace.swift */ = {isa = PBXFileReference; lastKnownFileType = sourcecode.swift; path = SplitFlapClockFace.swift; sourceTree = "<group>"; };
		B991B52C184F247E89C7B552 /* abduction2002.ttf */ = {isa = PBXFileReference; lastKnownFileType = file; path = abduction2002.ttf; sourceTree = "<group>"; };
		BC155D6D5B8537159E016AEC /* GFSCUS1D.ttf */ = {isa = PBXFileReference; lastKnownFileType = file; path = GFSCUS1D.ttf; sourceTree = "<group>"; };
		C1404A3D2475EEDC6D174181 /* DueReminderBanner.swift */ = {isa = PBXFileReference; lastKnownFileType = sourcecode.swift; path = DueReminderBanner.swift; sourceTree = "<group>"; };
		C34727CD47DA893CF590CD5E /* Bring Me A Helicopter!.otf */ = {isa = PBXFileReference; lastKnownFileType = file; path = "Bring Me A Helicopter!.otf"; sourceTree = "<group>"; };
		C3EAB38CFE04422718C3047D /* Destroy All Humans!.otf */ = {isa = PBXFileReference; lastKnownFileType = file; path = "Destroy All Humans!.otf"; sourceTree = "<group>"; };
		C82BBCF4822EE69EB39A8D8C /* AppSettings.swift */ = {isa = PBXFileReference; lastKnownFileType = sourcecode.swift; path = AppSettings.swift; sourceTree = "<group>"; };
		C953BA2E9BB4C4B7E554970F /* Bing Bam Boum.ttf */ = {isa = PBXFileReference; lastKnownFileType = file; path = "Bing Bam Boum.ttf"; sourceTree = "<group>"; };
		CB3B3C2DD6832C4407F90348 /* Sportfield Varsity-Italic.otf */ = {isa = PBXFileReference; lastKnownFileType = file; path = "Sportfield Varsity-Italic.otf"; sourceTree = "<group>"; };
		CED75368A307036F58F0332F /* TimeProvider.swift */ = {isa = PBXFileReference; lastKnownFileType = sourcecode.swift; path = TimeProvider.swift; sourceTree = "<group>"; };
		D2C211AFAE6975DEBA1E8893 /* DigitFaceRenderer.swift */ = {isa = PBXFileReference; lastKnownFileType = sourcecode.swift; path = DigitFaceRenderer.swift; sourceTree = "<group>"; };
		D5896ECD25212EC9A5CB044A /* ReminderBadge.swift */ = {isa = PBXFileReference; lastKnownFileType = sourcecode.swift; path = ReminderBadge.swift; sourceTree = "<group>"; };
		DD2A120ACB0F42A007264D1C /* SplitFlapPairView.swift */ = {isa = PBXFileReference; lastKnownFileType = sourcecode.swift; path = SplitFlapPairView.swift; sourceTree = "<group>"; };
		E1B048EDDC054D8647424B07 /* FlipCardLayer.swift */ = {isa = PBXFileReference; lastKnownFileType = sourcecode.swift; path = FlipCardLayer.swift; sourceTree = "<group>"; };
		E79414097EB0F91E58961D38 /* SettingsView.swift */ = {isa = PBXFileReference; lastKnownFileType = sourcecode.swift; path = SettingsView.swift; sourceTree = "<group>"; };
		E7E3F10687F2F80B1FA8F91E /* WidgetFont.swift */ = {isa = PBXFileReference; lastKnownFileType = sourcecode.swift; path = WidgetFont.swift; sourceTree = "<group>"; };
		ED3D59C1D26F59C0741E18C3 /* CalendarMonthView.swift */ = {isa = PBXFileReference; lastKnownFileType = sourcecode.swift; path = CalendarMonthView.swift; sourceTree = "<group>"; };
		EE1FDD56434FA08A26814B3D /* TRON.TTF */ = {isa = PBXFileReference; path = TRON.TTF; sourceTree = "<group>"; };
		EFF07A7015305AA9257A835A /* Dynamix.ttf */ = {isa = PBXFileReference; lastKnownFileType = file; path = Dynamix.ttf; sourceTree = "<group>"; };
		F08D12912A33B8C2196116CD /* FlipClock.app */ = {isa = PBXFileReference; explicitFileType = wrapper.application; includeInIndex = 0; path = FlipClock.app; sourceTree = BUILT_PRODUCTS_DIR; };
		F67C71982A5A6909643757C5 /* Sportfield Varsity-Grunge.otf */ = {isa = PBXFileReference; lastKnownFileType = file; path = "Sportfield Varsity-Grunge.otf"; sourceTree = "<group>"; };
		F91DF752E113AA6A5C453C24 /* Linebeam.ttf */ = {isa = PBXFileReference; lastKnownFileType = file; path = Linebeam.ttf; sourceTree = "<group>"; };
		FD27A64CB19D63C62E58408A /* Game Of Squids.otf */ = {isa = PBXFileReference; lastKnownFileType = file; path = "Game Of Squids.otf"; sourceTree = "<group>"; };
		FFD7E50CEB556B656FB461A7 /* WhiteSquareRedYesBlackEight-Regular.ttf */ = {isa = PBXFileReference; lastKnownFileType = file; path = "WhiteSquareRedYesBlackEight-Regular.ttf"; sourceTree = "<group>"; };
		FFD87184D792EF0F08700422 /* VibrantHostingController.swift */ = {isa = PBXFileReference; lastKnownFileType = sourcecode.swift; path = VibrantHostingController.swift; sourceTree = "<group>"; };
/* End PBXFileReference section */

/* Begin PBXGroup section */
		072447B6D6CCF9AC85A910E5 /* Reminders */ = {
			isa = PBXGroup;
			children = (
				75F26A8260DC39BEC3E247F3 /* AddReminderView.swift */,
				C1404A3D2475EEDC6D174181 /* DueReminderBanner.swift */,
				135E56F9C9038BA61C90310C /* Reminder.swift */,
				D5896ECD25212EC9A5CB044A /* ReminderBadge.swift */,
				99B38BBE6721287DFCDD38D1 /* ReminderStore.swift */,
			);
			path = Reminders;
			sourceTree = "<group>";
		};
		0B578E2466EB5A623DA8AC90 /* year_book_mess */ = {
			isa = PBXGroup;
			children = (
				117A7E39C1E35B6312E3AA2C /* YrBkMess.TTF */,
			);
			path = year_book_mess;
			sourceTree = "<group>";
		};
		14A48FBD465A57F0237AB0EC /* FlipClock */ = {
			isa = PBXGroup;
			children = (
				ABC77DD942B206F433DB7BBB /* Info.plist */,
				78946FEDA7DF751FD84F7236 /* App */,
				4F495704C3D7B8E550F16FF0 /* DesktopOverlay */,
				ED341D91060F5E0777EB0CA6 /* FlipClock */,
				95A2E716741EC931D83540F9 /* MenuBar */,
				643D35C44EBA236B0AEF3D6E /* Popover */,
				072447B6D6CCF9AC85A910E5 /* Reminders */,
				AADEE37E141A2DDF0B4481F7 /* Settings */,
				1F3D7FD8A5FC942103AE5BE0 /* TimeEngine */,
			);
			path = FlipClock;
			sourceTree = "<group>";
		};
		1BD16E072DF70A54751FDD0F /* kg_primary_italics */ = {
			isa = PBXGroup;
			children = (
				268CF845110A5784202E0DD8 /* KGPrimaryItalics.ttf */,
				610FBE1AA72EC47C519C2E8C /* KGPrimaryItalicsLined.ttf */,
			);
			path = kg_primary_italics;
			sourceTree = "<group>";
		};
		1F3D7FD8A5FC942103AE5BE0 /* TimeEngine */ = {
			isa = PBXGroup;
			children = (
				915EEE7160E430CB387D242E /* ClockTick.swift */,
				91EE622C614D16D2F0D9CB00 /* DigitDelta.swift */,
				CED75368A307036F58F0332F /* TimeProvider.swift */,
			);
			path = TimeEngine;
			sourceTree = "<group>";
		};
		3785AB9724598EFB28FFAE2C /* sportfield_varsity */ = {
			isa = PBXGroup;
			children = (
				F67C71982A5A6909643757C5 /* Sportfield Varsity-Grunge.otf */,
				CB3B3C2DD6832C4407F90348 /* Sportfield Varsity-Italic.otf */,
				00D00F499ACFDC4FD6C9F951 /* Sportfield Varsity-Outline1.otf */,
				001227C8E08C263951B67D42 /* Sportfield Varsity-Outline2.otf */,
				94A19CBE28C4467C06594807 /* Sportfield Varsity-Outline3.otf */,
				700B2677EE2AAF09F5FD974F /* Sportfield Varsity-Scrible.otf */,
				494FF96E602C234D3D76D3CF /* Sportfield Varsity-Shadow.otf */,
				76AE834CBCB2C51C0DE02C22 /* Sportfield Varsity.otf */,
			);
			path = sportfield_varsity;
			sourceTree = "<group>";
		};
		3D7167728DB9A6CFBBC39C51 /* white_square_red_yes_black_eight */ = {
			isa = PBXGroup;
			children = (
				FFD7E50CEB556B656FB461A7 /* WhiteSquareRedYesBlackEight-Regular.ttf */,
				36289D6564B3309ABB60855F /* WhiteSquareRedYesBlackEightPingpong-Pingpong.ttf */,
				3BECC1B4E84BEC1609AAA67B /* WhiteSquareRedYesBlackEightWarsaw-Warsaw.ttf */,
				AF79222F73CC682D76B2C6E9 /* WhiteSquareRedYesBlackEightZero-Zero.ttf */,
			);
			path = white_square_red_yes_black_eight;
			sourceTree = "<group>";
		};
		3E16AAA2A605472140D02CE9 /* Products */ = {
			isa = PBXGroup;
			children = (
				F08D12912A33B8C2196116CD /* FlipClock.app */,
			);
			name = Products;
			sourceTree = "<group>";
		};
		45E618BF07243DB3FA46680F /* tron */ = {
			isa = PBXGroup;
			children = (
				EE1FDD56434FA08A26814B3D /* TRON.TTF */,
			);
			path = tron;
			sourceTree = "<group>";
		};
		4AABE5D975B709A245510788 /* linear_beam */ = {
			isa = PBXGroup;
			children = (
				F91DF752E113AA6A5C453C24 /* Linebeam.ttf */,
			);
			path = linear_beam;
			sourceTree = "<group>";
		};
		4B879890229E4A14574339C2 /* vlump */ = {
			isa = PBXGroup;
			children = (
				AB31DEDDADF92FBAAA7BF088 /* Vlump Black.ttf */,
				3FE91CB5C9D39516AFE000B6 /* Vlump.ttf */,
			);
			path = vlump;
			sourceTree = "<group>";
		};
		4F495704C3D7B8E550F16FF0 /* DesktopOverlay */ = {
			isa = PBXGroup;
			children = (
				5FB871E136E63543744A1304 /* DesktopBackdropCapture.swift */,
				12A448C0C9D97B8982A4777C /* OverlayContentView.swift */,
				3EA3DA66A1F9A49A759B1825 /* OverlayWindow.swift */,
				1CD4601C3340A6C28FDF8C3A /* OverlayWindowController.swift */,
				7433122D748E80051A23B7BD /* WidgetGlassBackground.swift */,
			);
			path = DesktopOverlay;
			sourceTree = "<group>";
		};
		643D35C44EBA236B0AEF3D6E /* Popover */ = {
			isa = PBXGroup;
			children = (
				ED3D59C1D26F59C0741E18C3 /* CalendarMonthView.swift */,
				B45723FCF839EE6FCDF79CAA /* DateHeaderView.swift */,
				569EF2149D9DD94C311A6F46 /* PopoverClockView.swift */,
				FFD87184D792EF0F08700422 /* VibrantHostingController.swift */,
			);
			path = Popover;
			sourceTree = "<group>";
		};
		762C2BE88CEEF29854DA4761 /* space_age */ = {
			isa = PBXGroup;
			children = (
				A91D51A54F868D836DF9EEE5 /* space age.ttf */,
			);
			path = space_age;
			sourceTree = "<group>";
		};
		78946FEDA7DF751FD84F7236 /* App */ = {
			isa = PBXGroup;
			children = (
				02DDB38188F3CABDE8AF990C /* AppDelegate.swift */,
				9382537EFD4FE15801C53C0E /* FlipClockApp.swift */,
			);
			path = App;
			sourceTree = "<group>";
		};
		82D3B14187C53EF176700BE8 = {
			isa = PBXGroup;
			children = (
				662CD1BF127064A4EF3EC6EC /* moon.png */,
				7E04EE7FD9784E7541D7296F /* sun.png */,
				14A48FBD465A57F0237AB0EC /* FlipClock */,
				BDDD8F313ADA299C6681BD8D /* Fonts */,
				3E16AAA2A605472140D02CE9 /* Products */,
			);
			sourceTree = "<group>";
		};
		95A2E716741EC931D83540F9 /* MenuBar */ = {
			isa = PBXGroup;
			children = (
				16AC161B34E3FF7009C8F9FD /* MenuBarClockView.swift */,
				96A869DA91B1A0C42E527852 /* SecondClockMenuBarView.swift */,
				22AAEA71929350340A866A7B /* SecondClockStatusItemController.swift */,
				5FEC2FADD24FCE8918E65F47 /* StatusItemController.swift */,
			);
			path = MenuBar;
			sourceTree = "<group>";
		};
		AADEE37E141A2DDF0B4481F7 /* Settings */ = {
			isa = PBXGroup;
			children = (
				C82BBCF4822EE69EB39A8D8C /* AppSettings.swift */,
				E79414097EB0F91E58961D38 /* SettingsView.swift */,
				8800DAAFAC2F27DC741FF29C /* SettingsWindowController.swift */,
			);
			path = Settings;
			sourceTree = "<group>";
		};
		AC42CBD54AFE0F98AD026851 /* blade_runner_movie_font */ = {
			isa = PBXGroup;
			children = (
				95820B6E1DB27B499C2DAA5F /* BLADRMF_.TTF */,
			);
			path = blade_runner_movie_font;
			sourceTree = "<group>";
		};
		BAB2CFD6607283364F05B99B /* game_of_squids */ = {
			isa = PBXGroup;
			children = (
				FD27A64CB19D63C62E58408A /* Game Of Squids.otf */,
				84EEFA884CE122921803C149 /* Game Of Squids.ttf */,
			);
			path = game_of_squids;
			sourceTree = "<group>";
		};
		BAB85EC170CD094539A36332 /* abduction_2002 */ = {
			isa = PBXGroup;
			children = (
				B991B52C184F247E89C7B552 /* abduction2002.ttf */,
			);
			path = abduction_2002;
			sourceTree = "<group>";
		};
		BDDD8F313ADA299C6681BD8D /* Fonts */ = {
			isa = PBXGroup;
			children = (
				8F25BC2B615F37FE8B111CBF /* angrybirds-regular.ttf */,
				C953BA2E9BB4C4B7E554970F /* Bing Bam Boum.ttf */,
				C3EAB38CFE04422718C3047D /* Destroy All Humans!.otf */,
				EFF07A7015305AA9257A835A /* Dynamix.ttf */,
				BC155D6D5B8537159E016AEC /* GFSCUS1D.ttf */,
				26294A48122D93211F28E15D /* Pullstar-Holinight.ttf */,
				03659CC7943595F75AF50AFD /* RockFont.ttf */,
				95C32DF3B238972ABB75917B /* Tennessee College.ttf */,
				BAB85EC170CD094539A36332 /* abduction_2002 */,
				C20ADE7013A9CC283CDBEB9A /* arcade_ya */,
				AC42CBD54AFE0F98AD026851 /* blade_runner_movie_font */,
				E33F94F1CE450AAED94D7844 /* bring_me_a_helicopter */,
				DBB794B4C07A8A6EF157C915 /* chintzy_cpu_brk */,
				BAB2CFD6607283364F05B99B /* game_of_squids */,
				1BD16E072DF70A54751FDD0F /* kg_primary_italics */,
				4AABE5D975B709A245510788 /* linear_beam */,
				762C2BE88CEEF29854DA4761 /* space_age */,
				3785AB9724598EFB28FFAE2C /* sportfield_varsity */,
				45E618BF07243DB3FA46680F /* tron */,
				4B879890229E4A14574339C2 /* vlump */,
				3D7167728DB9A6CFBBC39C51 /* white_square_red_yes_black_eight */,
				0B578E2466EB5A623DA8AC90 /* year_book_mess */,
			);
			path = Fonts;
			sourceTree = "<group>";
		};
		C20ADE7013A9CC283CDBEB9A /* arcade_ya */ = {
			isa = PBXGroup;
			children = (
				123AD78C1B67252697E8F91E /* ARCADE_I.TTF */,
				65C518BF9B070A2A98DE8BB6 /* ARCADE_N.TTF */,
				802A44BC4930D0F1FC34E804 /* ARCADE_R.TTF */,
			);
			path = arcade_ya;
			sourceTree = "<group>";
		};
		DBB794B4C07A8A6EF157C915 /* chintzy_cpu_brk */ = {
			isa = PBXGroup;
			children = (
				B4FD4C1F3CAD814DFE7CCC14 /* chintzy.ttf */,
				950E63F93638F86B32529136 /* chintzys.ttf */,
			);
			path = chintzy_cpu_brk;
			sourceTree = "<group>";
		};
		E33F94F1CE450AAED94D7844 /* bring_me_a_helicopter */ = {
			isa = PBXGroup;
			children = (
				C34727CD47DA893CF590CD5E /* Bring Me A Helicopter!.otf */,
			);
			path = bring_me_a_helicopter;
			sourceTree = "<group>";
		};
		ED341D91060F5E0777EB0CA6 /* FlipClock */ = {
			isa = PBXGroup;
			children = (
				D2C211AFAE6975DEBA1E8893 /* DigitFaceRenderer.swift */,
				0F05D3D8AB3B3658A5974D0E /* FlapColors.swift */,
				E1B048EDDC054D8647424B07 /* FlipCardLayer.swift */,
				B5A5A1BF8465AA952E2F3DBD /* SplitFlapClockFace.swift */,
				65A63215BD2AA8AE5332DF36 /* SplitFlapDigit.swift */,
				DD2A120ACB0F42A007264D1C /* SplitFlapPairView.swift */,
				E7E3F10687F2F80B1FA8F91E /* WidgetFont.swift */,
			);
			path = FlipClock;
			sourceTree = "<group>";
		};
/* End PBXGroup section */

/* Begin PBXNativeTarget section */
		3486491F75606E2E23752AE7 /* FlipClock */ = {
			isa = PBXNativeTarget;
			buildConfigurationList = 9C6C370352085D46B89551FF /* Build configuration list for PBXNativeTarget "FlipClock" */;
			buildPhases = (
				1BC40BED797460BF8159D8AB /* Sources */,
				52181B0F27299148CA92D2B5 /* Resources */,
			);
			buildRules = (
			);
			dependencies = (
			);
			name = FlipClock;
			packageProductDependencies = (
			);
			productName = FlipClock;
			productReference = F08D12912A33B8C2196116CD /* FlipClock.app */;
			productType = "com.apple.product-type.application";
		};
/* End PBXNativeTarget section */

/* Begin PBXProject section */
		13CBABB82F4FE5B097A65524 /* Project object */ = {
			isa = PBXProject;
			attributes = {
				BuildIndependentTargetsInParallel = YES;
				LastUpgradeCheck = 1430;
				TargetAttributes = {
					3486491F75606E2E23752AE7 = {
						ProvisioningStyle = Automatic;
					};
				};
			};
			buildConfigurationList = 01E9CAA5197E676970630C70 /* Build configuration list for PBXProject "FlipClock" */;
			developmentRegion = en;
			hasScannedForEncodings = 0;
			knownRegions = (
				Base,
				en,
			);
			mainGroup = 82D3B14187C53EF176700BE8;
			minimizedProjectReferenceProxies = 1;
			preferredProjectObjectVersion = 77;
			productRefGroup = 3E16AAA2A605472140D02CE9 /* Products */;
			projectDirPath = "";
			projectRoot = "";
			targets = (
				3486491F75606E2E23752AE7 /* FlipClock */,
			);
		};
/* End PBXProject section */

/* Begin PBXResourcesBuildPhase section */
		52181B0F27299148CA92D2B5 /* Resources */ = {
			isa = PBXResourcesBuildPhase;
			buildActionMask = 2147483647;
			files = (
				1552153680EDAE840A2C9D2B /* ARCADE_I.TTF in Resources */,
				13D4D9D178B0D26EC1913274 /* ARCADE_N.TTF in Resources */,
				05DEC934AE57CCF5895B2D25 /* ARCADE_R.TTF in Resources */,
				068E981DC0577C7881827825 /* BLADRMF_.TTF in Resources */,
				EE537B85EB4AEE438540BE51 /* Bing Bam Boum.ttf in Resources */,
				5C1B69D5930DE43E3BCBFD50 /* Bring Me A Helicopter!.otf in Resources */,
				3404D70ADEABE3D5B96AFE49 /* Destroy All Humans!.otf in Resources */,
				7A1F48DB77650A681CCDE78A /* Dynamix.ttf in Resources */,
				5EB9FB47C5C4FFC780D6F0CE /* GFSCUS1D.ttf in Resources */,
				7D438319D81BDDF0A8C3F82D /* Game Of Squids.otf in Resources */,
				1ABB169CB78335BA956DE48B /* Game Of Squids.ttf in Resources */,
				5A8891A7D93D1E1D1BD8B3FB /* KGPrimaryItalics.ttf in Resources */,
				8715624FD54347A806F275C1 /* KGPrimaryItalicsLined.ttf in Resources */,
				8CF69FF5774595D4ACE959B3 /* Linebeam.ttf in Resources */,
				6FB425BA9B762D2080B7B0D4 /* Pullstar-Holinight.ttf in Resources */,
				6CB5D1BC69D39AD6C10B65D4 /* RockFont.ttf in Resources */,
				A990731D2C2D3B17521DAF81 /* Sportfield Varsity-Grunge.otf in Resources */,
				4F83211EE8E7E1D2AB1DC4E8 /* Sportfield Varsity-Italic.otf in Resources */,
				075757C9FEC228BFE02255D4 /* Sportfield Varsity-Outline1.otf in Resources */,
				2582E8755006A0B3FA2F3063 /* Sportfield Varsity-Outline2.otf in Resources */,
				9F7538C626E342F9134E0162 /* Sportfield Varsity-Outline3.otf in Resources */,
				EEEABF7F45B297B58B3A3AAD /* Sportfield Varsity-Scrible.otf in Resources */,
				EA2D3F3E2BD0B963F0FF8B8E /* Sportfield Varsity-Shadow.otf in Resources */,
				220F76AD0CE46D72FEDEE229 /* Sportfield Varsity.otf in Resources */,
				34DEF4B241287C9BD171F090 /* TRON.TTF in Resources */,
				28051F2EAB481FB6EF3EAF22 /* Tennessee College.ttf in Resources */,
				301E780BFE282310BCE1E919 /* Vlump Black.ttf in Resources */,
				7E2CF474D97571BAEF4A3759 /* Vlump.ttf in Resources */,
				BEE4478FD4D402324CFDBE0B /* WhiteSquareRedYesBlackEight-Regular.ttf in Resources */,
				779F863191CEC50106530C3A /* WhiteSquareRedYesBlackEightPingpong-Pingpong.ttf in Resources */,
				76B3109C1ABCE3C4998125FD /* WhiteSquareRedYesBlackEightWarsaw-Warsaw.ttf in Resources */,
				75FC8E691208165530B02821 /* WhiteSquareRedYesBlackEightZero-Zero.ttf in Resources */,
				FDAFD582715C3CFD23F98019 /* YrBkMess.TTF in Resources */,
				E68EDA1FE502621924873DBE /* abduction2002.ttf in Resources */,
				AA7EE6A6EB425AD0515606E9 /* angrybirds-regular.ttf in Resources */,
				F0D9873087DB24086AA3386C /* chintzy.ttf in Resources */,
				7B0E44FD1A241C201B75FD00 /* chintzys.ttf in Resources */,
				002EA0377707E4F65F0DACF1 /* moon.png in Resources */,
				B9D618297F7CD605E224A50D /* space age.ttf in Resources */,
				AADCD9DA62CCC375945AD004 /* sun.png in Resources */,
			);
			runOnlyForDeploymentPostprocessing = 0;
		};
/* End PBXResourcesBuildPhase section */

/* Begin PBXSourcesBuildPhase section */
		1BC40BED797460BF8159D8AB /* Sources */ = {
			isa = PBXSourcesBuildPhase;
			buildActionMask = 2147483647;
			files = (
				693B64F40E31016D0C0F1036 /* AddReminderView.swift in Sources */,
				19A441A793D1B4A1194D4918 /* AppDelegate.swift in Sources */,
				B7296591D2A8AA2A29EBEE6A /* AppSettings.swift in Sources */,
				96705FB121D016A608DF8446 /* CalendarMonthView.swift in Sources */,
				3F10BB5B3BBB26EC9CD50632 /* ClockTick.swift in Sources */,
				DAB960062120E9ED90E69164 /* DateHeaderView.swift in Sources */,
				0A59D6179E919B1B5C9BEC5C /* DesktopBackdropCapture.swift in Sources */,
				E6960F41E21880F41D3C0C78 /* DigitDelta.swift in Sources */,
				E98342BF539CAE355C1D0DEE /* DigitFaceRenderer.swift in Sources */,
				3AB38857C79E08B3BF2ADBC6 /* DueReminderBanner.swift in Sources */,
				066BBA76C5767ABF5935A9EC /* FlapColors.swift in Sources */,
				02A5B5C771F3CADF7B6AFAA7 /* FlipCardLayer.swift in Sources */,
				C9754D0A7822746BE4F0F162 /* FlipClockApp.swift in Sources */,
				64CC5AB390160626B67B5EFE /* MenuBarClockView.swift in Sources */,
				F6851EAC55377D47BD073178 /* OverlayContentView.swift in Sources */,
				CD4212EE01B9C3D2FC4D595E /* OverlayWindow.swift in Sources */,
				AC742C4A93D9C9D45A481588 /* OverlayWindowController.swift in Sources */,
				5EACEC3FC36487CFA104204E /* PopoverClockView.swift in Sources */,
				8B2973DC33ED8E39177D0930 /* Reminder.swift in Sources */,
				D0F8A5633C87FBE5502EB6D7 /* ReminderBadge.swift in Sources */,
				DB13156575EEFA035F2AB15B /* ReminderStore.swift in Sources */,
				B170E1361D84026C0EE80D8A /* SecondClockMenuBarView.swift in Sources */,
				2811B527FE03B0BFAB73B046 /* SecondClockStatusItemController.swift in Sources */,
				4B9E8E45D3828A20209486B4 /* SettingsView.swift in Sources */,
				ABAFF924E0D4AA14F4E3003A /* SettingsWindowController.swift in Sources */,
				9F29001BC6E87DC8BF62BF78 /* SplitFlapClockFace.swift in Sources */,
				3DA8EB3A8D08B6D82BEE89A0 /* SplitFlapDigit.swift in Sources */,
				4511816071E0C80C3F673194 /* SplitFlapPairView.swift in Sources */,
				D0448B25E61FFCC1FD18E9B7 /* StatusItemController.swift in Sources */,
				B5B2142D78AB041CCBB45B5B /* TimeProvider.swift in Sources */,
				E84902489E6F8CCF4F6B778C /* VibrantHostingController.swift in Sources */,
				DC9C7F4FB4955BC7BA2B07E7 /* WidgetFont.swift in Sources */,
				1DDF18C7AC5EA749D6EC8F6B /* WidgetGlassBackground.swift in Sources */,
			);
			runOnlyForDeploymentPostprocessing = 0;
		};
/* End PBXSourcesBuildPhase section */

/* Begin XCBuildConfiguration section */
		3969D88FDC3471BD3C4172EE /* Release */ = {
			isa = XCBuildConfiguration;
			buildSettings = {
				ALWAYS_SEARCH_USER_PATHS = NO;
				CLANG_ANALYZER_NONNULL = YES;
				CLANG_ANALYZER_NUMBER_OBJECT_CONVERSION = YES_AGGRESSIVE;
				CLANG_CXX_LANGUAGE_STANDARD = "gnu++14";
				CLANG_CXX_LIBRARY = "libc++";
				CLANG_ENABLE_MODULES = YES;
				CLANG_ENABLE_OBJC_ARC = YES;
				CLANG_ENABLE_OBJC_WEAK = YES;
				CLANG_WARN_BLOCK_CAPTURE_AUTORELEASING = YES;
				CLANG_WARN_BOOL_CONVERSION = YES;
				CLANG_WARN_COMMA = YES;
				CLANG_WARN_CONSTANT_CONVERSION = YES;
				CLANG_WARN_DEPRECATED_OBJC_IMPLEMENTATIONS = YES;
				CLANG_WARN_DIRECT_OBJC_ISA_USAGE = YES_ERROR;
				CLANG_WARN_DOCUMENTATION_COMMENTS = YES;
				CLANG_WARN_EMPTY_BODY = YES;
				CLANG_WARN_ENUM_CONVERSION = YES;
				CLANG_WARN_INFINITE_RECURSION = YES;
				CLANG_WARN_INT_CONVERSION = YES;
				CLANG_WARN_NON_LITERAL_NULL_CONVERSION = YES;
				CLANG_WARN_OBJC_IMPLICIT_RETAIN_SELF = YES;
				CLANG_WARN_OBJC_LITERAL_CONVERSION = YES;
				CLANG_WARN_OBJC_ROOT_CLASS = YES_ERROR;
				CLANG_WARN_QUOTED_INCLUDE_IN_FRAMEWORK_HEADER = YES;
				CLANG_WARN_RANGE_LOOP_ANALYSIS = YES;
				CLANG_WARN_STRICT_PROTOTYPES = YES;
				CLANG_WARN_SUSPICIOUS_MOVE = YES;
				CLANG_WARN_UNGUARDED_AVAILABILITY = YES_AGGRESSIVE;
				CLANG_WARN_UNREACHABLE_CODE = YES;
				CLANG_WARN__DUPLICATE_METHOD_MATCH = YES;
				COPY_PHASE_STRIP = NO;
				DEBUG_INFORMATION_FORMAT = "dwarf-with-dsym";
				ENABLE_NS_ASSERTIONS = NO;
				ENABLE_STRICT_OBJC_MSGSEND = YES;
				GCC_C_LANGUAGE_STANDARD = gnu11;
				GCC_NO_COMMON_BLOCKS = YES;
				GCC_WARN_64_TO_32_BIT_CONVERSION = YES;
				GCC_WARN_ABOUT_RETURN_TYPE = YES_ERROR;
				GCC_WARN_UNDECLARED_SELECTOR = YES;
				GCC_WARN_UNINITIALIZED_AUTOS = YES_AGGRESSIVE;
				GCC_WARN_UNUSED_FUNCTION = YES;
				GCC_WARN_UNUSED_VARIABLE = YES;
				MACOSX_DEPLOYMENT_TARGET = 14.0;
				MTL_ENABLE_DEBUG_INFO = NO;
				MTL_FAST_MATH = YES;
				PRODUCT_NAME = "$(TARGET_NAME)";
				SDKROOT = macosx;
				SWIFT_COMPILATION_MODE = wholemodule;
				SWIFT_OPTIMIZATION_LEVEL = "-O";
				SWIFT_VERSION = 5.0;
			};
			name = Release;
		};
		70B08BAABBA9711744F2E770 /* Release */ = {
			isa = XCBuildConfiguration;
			buildSettings = {
				ASSETCATALOG_COMPILER_APPICON_NAME = AppIcon;
				CODE_SIGN_STYLE = Automatic;
				COMBINE_HIDPI_IMAGES = YES;
				ENABLE_HARDENED_RUNTIME = YES;
				INFOPLIST_FILE = FlipClock/Info.plist;
				LD_RUNPATH_SEARCH_PATHS = (
					"$(inherited)",
					"@executable_path/../Frameworks",
				);
				PRODUCT_BUNDLE_IDENTIFIER = com.rajeevranjan.flipclock;
				SDKROOT = macosx;
			};
			name = Release;
		};
		95E95257E08DF9818BC5C454 /* Debug */ = {
			isa = XCBuildConfiguration;
			buildSettings = {
				ALWAYS_SEARCH_USER_PATHS = NO;
				CLANG_ANALYZER_NONNULL = YES;
				CLANG_ANALYZER_NUMBER_OBJECT_CONVERSION = YES_AGGRESSIVE;
				CLANG_CXX_LANGUAGE_STANDARD = "gnu++14";
				CLANG_CXX_LIBRARY = "libc++";
				CLANG_ENABLE_MODULES = YES;
				CLANG_ENABLE_OBJC_ARC = YES;
				CLANG_ENABLE_OBJC_WEAK = YES;
				CLANG_WARN_BLOCK_CAPTURE_AUTORELEASING = YES;
				CLANG_WARN_BOOL_CONVERSION = YES;
				CLANG_WARN_COMMA = YES;
				CLANG_WARN_CONSTANT_CONVERSION = YES;
				CLANG_WARN_DEPRECATED_OBJC_IMPLEMENTATIONS = YES;
				CLANG_WARN_DIRECT_OBJC_ISA_USAGE = YES_ERROR;
				CLANG_WARN_DOCUMENTATION_COMMENTS = YES;
				CLANG_WARN_EMPTY_BODY = YES;
				CLANG_WARN_ENUM_CONVERSION = YES;
				CLANG_WARN_INFINITE_RECURSION = YES;
				CLANG_WARN_INT_CONVERSION = YES;
				CLANG_WARN_NON_LITERAL_NULL_CONVERSION = YES;
				CLANG_WARN_OBJC_IMPLICIT_RETAIN_SELF = YES;
				CLANG_WARN_OBJC_LITERAL_CONVERSION = YES;
				CLANG_WARN_OBJC_ROOT_CLASS = YES_ERROR;
				CLANG_WARN_QUOTED_INCLUDE_IN_FRAMEWORK_HEADER = YES;
				CLANG_WARN_RANGE_LOOP_ANALYSIS = YES;
				CLANG_WARN_STRICT_PROTOTYPES = YES;
				CLANG_WARN_SUSPICIOUS_MOVE = YES;
				CLANG_WARN_UNGUARDED_AVAILABILITY = YES_AGGRESSIVE;
				CLANG_WARN_UNREACHABLE_CODE = YES;
				CLANG_WARN__DUPLICATE_METHOD_MATCH = YES;
				COPY_PHASE_STRIP = NO;
				DEBUG_INFORMATION_FORMAT = dwarf;
				ENABLE_STRICT_OBJC_MSGSEND = YES;
				ENABLE_TESTABILITY = YES;
				GCC_C_LANGUAGE_STANDARD = gnu11;
				GCC_DYNAMIC_NO_PIC = NO;
				GCC_NO_COMMON_BLOCKS = YES;
				GCC_OPTIMIZATION_LEVEL = 0;
				GCC_PREPROCESSOR_DEFINITIONS = (
					"$(inherited)",
					"DEBUG=1",
				);
				GCC_WARN_64_TO_32_BIT_CONVERSION = YES;
				GCC_WARN_ABOUT_RETURN_TYPE = YES_ERROR;
				GCC_WARN_UNDECLARED_SELECTOR = YES;
				GCC_WARN_UNINITIALIZED_AUTOS = YES_AGGRESSIVE;
				GCC_WARN_UNUSED_FUNCTION = YES;
				GCC_WARN_UNUSED_VARIABLE = YES;
				MACOSX_DEPLOYMENT_TARGET = 14.0;
				MTL_ENABLE_DEBUG_INFO = INCLUDE_SOURCE;
				MTL_FAST_MATH = YES;
				ONLY_ACTIVE_ARCH = YES;
				PRODUCT_NAME = "$(TARGET_NAME)";
				SDKROOT = macosx;
				SWIFT_ACTIVE_COMPILATION_CONDITIONS = DEBUG;
				SWIFT_OPTIMIZATION_LEVEL = "-Onone";
				SWIFT_VERSION = 5.0;
			};
			name = Debug;
		};
		E5D757E2865AE02CE45CC432 /* Debug */ = {
			isa = XCBuildConfiguration;
			buildSettings = {
				ASSETCATALOG_COMPILER_APPICON_NAME = AppIcon;
				CODE_SIGN_STYLE = Automatic;
				COMBINE_HIDPI_IMAGES = YES;
				ENABLE_HARDENED_RUNTIME = YES;
				INFOPLIST_FILE = FlipClock/Info.plist;
				LD_RUNPATH_SEARCH_PATHS = (
					"$(inherited)",
					"@executable_path/../Frameworks",
				);
				PRODUCT_BUNDLE_IDENTIFIER = com.rajeevranjan.flipclock;
				SDKROOT = macosx;
			};
			name = Debug;
		};
/* End XCBuildConfiguration section */

/* Begin XCConfigurationList section */
		01E9CAA5197E676970630C70 /* Build configuration list for PBXProject "FlipClock" */ = {
			isa = XCConfigurationList;
			buildConfigurations = (
				95E95257E08DF9818BC5C454 /* Debug */,
				3969D88FDC3471BD3C4172EE /* Release */,
			);
			defaultConfigurationIsVisible = 0;
			defaultConfigurationName = Debug;
		};
		9C6C370352085D46B89551FF /* Build configuration list for PBXNativeTarget "FlipClock" */ = {
			isa = XCConfigurationList;
			buildConfigurations = (
				E5D757E2865AE02CE45CC432 /* Debug */,
				70B08BAABBA9711744F2E770 /* Release */,
			);
			defaultConfigurationIsVisible = 0;
			defaultConfigurationName = Debug;
		};
/* End XCConfigurationList section */
	};
	rootObject = 13CBABB82F4FE5B097A65524 /* Project object */;
}
